
Microsoft Visual Studio Solution File, Format Version 12.00
# Visual Studio Version 16
VisualStudioVersion = 16.0.30523.141
MinimumVisualStudioVersion = 10.0.40219.1
Project("{FAE04EC0-301F-11D3-BF4B-00C04F79EFBC}") = "Moglan_Vlad_Lab2", "Moglan_Vlad_Lab2.csproj", "{672DB43B-9EEE-4C1D-8DEA-1DA15B248A64}"
EndProject
Global
	GlobalSection(SolutionConfigurationPlatforms) = preSolution
		Debug|Any CPU = Debug|Any CPU
		Release|Any CPU = Release|Any CPU
	EndGlobalSection
	GlobalSection(ProjectConfigurationPlatforms) = postSolution
		{672DB43B-9EEE-4C1D-8DEA-1DA15B248A64}.Debug|Any CPU.ActiveCfg = Debug|Any CPU
		{672DB43B-9EEE-4C1D-8DEA-1DA15B248A64}.Debug|Any CPU.Build.0 = Debug|Any CPU
		{672DB43B-9EEE-4C1D-8DEA-1DA15B248A64}.Release|Any CPU.ActiveCfg = Release|Any CPU
		{672DB43B-9EEE-4C1D-8DEA-1DA15B248A64}.Release|Any CPU.Build.0 = Release|Any CPU
	EndGlobalSection
	GlobalSection(SolutionProperties) = preSolution
		HideSolutionNode = FALSE
	EndGlobalSection
	GlobalSection(ExtensibilityGlobals) = postSolution
		SolutionGuid = {27B8AA30-031F-4166-BA31-0BAC99394630}
	EndGlobalSection
EndGlobal
